
Microsoft Visual Studio Solution File, Format Version 12.00
Project("{FAE04EC0-301F-11D3-BF4B-00C04F79EFBC}") = "Constructors", "Constructors\Constructors.csproj", "{9B82E0AA-0FE4-4C12-B655-1B7D0BA8C904}"
EndProject
Project("{FAE04EC0-301F-11D3-BF4B-00C04F79EFBC}") = "Constructors.Test", "Constructors.Test\Constructors.Test.csproj", "{27E1E3E5-3133-4704-B01F-7F6457986647}"
EndProject
Project("{2150E333-8FDC-42A3-9474-1A3956D46DE8}") = "01 - Constructors", "01 - Constructors", "{C98FAAD4-16BF-47FF-BD4C-A2DBCE5EF222}"
EndProject
Project("{2150E333-8FDC-42A3-9474-1A3956D46DE8}") = "02 - Methods", "02 - Methods", "{7FE467E6-95CD-4189-8870-915E2AA2B9F5}"
EndProject
Project("{FAE04EC0-301F-11D3-BF4B-00C04F79EFBC}") = "Methods", "Methods\Methods.csproj", "{EB1B440D-76A5-4AAD-AFB4-171DEC238152}"
EndProject
Project("{FAE04EC0-301F-11D3-BF4B-00C04F79EFBC}") = "Methods.Test", "Methods.Test\Methods.Test.csproj", "{45563049-DB8F-4F08-AFF4-69799AE2AF2E}"
EndProject
Project("{2150E333-8FDC-42A3-9474-1A3956D46DE8}") = "03 - Integration", "03 - Integration", "{2E0F491D-21B7-4477-A119-04B6D2E0EB3C}"
EndProject
Project("{FAE04EC0-301F-11D3-BF4B-00C04F79EFBC}") = "Integration.API", "Integration.API\Integration.API.csproj", "{53EA050A-5745-4E1E-928C-3EFB1FE133EA}"
EndProject
Project("{FAE04EC0-301F-11D3-BF4B-00C04F79EFBC}") = "Integration.API.Test", "Integration.API.Test\Integration.API.Test.csproj", "{E6364035-0155-4BB4-8EF8-0092BDD40E34}"
EndProject
Global
	GlobalSection(SolutionConfigurationPlatforms) = preSolution
		Debug|Any CPU = Debug|Any CPU
		Release|Any CPU = Release|Any CPU
	EndGlobalSection
	GlobalSection(ProjectConfigurationPlatforms) = postSolution
		{9B82E0AA-0FE4-4C12-B655-1B7D0BA8C904}.Debug|Any CPU.ActiveCfg = Debug|Any CPU
		{9B82E0AA-0FE4-4C12-B655-1B7D0BA8C904}.Debug|Any CPU.Build.0 = Debug|Any CPU
		{9B82E0AA-0FE4-4C12-B655-1B7D0BA8C904}.Release|Any CPU.ActiveCfg = Release|Any CPU
		{9B82E0AA-0FE4-4C12-B655-1B7D0BA8C904}.Release|Any CPU.Build.0 = Release|Any CPU
		{27E1E3E5-3133-4704-B01F-7F6457986647}.Debug|Any CPU.ActiveCfg = Debug|Any CPU
		{27E1E3E5-3133-4704-B01F-7F6457986647}.Debug|Any CPU.Build.0 = Debug|Any CPU
		{27E1E3E5-3133-4704-B01F-7F6457986647}.Release|Any CPU.ActiveCfg = Release|Any CPU
		{27E1E3E5-3133-4704-B01F-7F6457986647}.Release|Any CPU.Build.0 = Release|Any CPU
		{EB1B440D-76A5-4AAD-AFB4-171DEC238152}.Debug|Any CPU.ActiveCfg = Debug|Any CPU
		{EB1B440D-76A5-4AAD-AFB4-171DEC238152}.Debug|Any CPU.Build.0 = Debug|Any CPU
		{EB1B440D-76A5-4AAD-AFB4-171DEC238152}.Release|Any CPU.ActiveCfg = Release|Any CPU
		{EB1B440D-76A5-4AAD-AFB4-171DEC238152}.Release|Any CPU.Build.0 = Release|Any CPU
		{45563049-DB8F-4F08-AFF4-69799AE2AF2E}.Debug|Any CPU.ActiveCfg = Debug|Any CPU
		{45563049-DB8F-4F08-AFF4-69799AE2AF2E}.Debug|Any CPU.Build.0 = Debug|Any CPU
		{45563049-DB8F-4F08-AFF4-69799AE2AF2E}.Release|Any CPU.ActiveCfg = Release|Any CPU
		{45563049-DB8F-4F08-AFF4-69799AE2AF2E}.Release|Any CPU.Build.0 = Release|Any CPU
		{53EA050A-5745-4E1E-928C-3EFB1FE133EA}.Debug|Any CPU.ActiveCfg = Debug|Any CPU
		{53EA050A-5745-4E1E-928C-3EFB1FE133EA}.Debug|Any CPU.Build.0 = Debug|Any CPU
		{53EA050A-5745-4E1E-928C-3EFB1FE133EA}.Release|Any CPU.ActiveCfg = Release|Any CPU
		{53EA050A-5745-4E1E-928C-3EFB1FE133EA}.Release|Any CPU.Build.0 = Release|Any CPU
		{E6364035-0155-4BB4-8EF8-0092BDD40E34}.Debug|Any CPU.ActiveCfg = Debug|Any CPU
		{E6364035-0155-4BB4-8EF8-0092BDD40E34}.Debug|Any CPU.Build.0 = Debug|Any CPU
		{E6364035-0155-4BB4-8EF8-0092BDD40E34}.Release|Any CPU.ActiveCfg = Release|Any CPU
		{E6364035-0155-4BB4-8EF8-0092BDD40E34}.Release|Any CPU.Build.0 = Release|Any CPU
	EndGlobalSection
	GlobalSection(NestedProjects) = preSolution
		{9B82E0AA-0FE4-4C12-B655-1B7D0BA8C904} = {C98FAAD4-16BF-47FF-BD4C-A2DBCE5EF222}
		{27E1E3E5-3133-4704-B01F-7F6457986647} = {C98FAAD4-16BF-47FF-BD4C-A2DBCE5EF222}
		{EB1B440D-76A5-4AAD-AFB4-171DEC238152} = {7FE467E6-95CD-4189-8870-915E2AA2B9F5}
		{45563049-DB8F-4F08-AFF4-69799AE2AF2E} = {7FE467E6-95CD-4189-8870-915E2AA2B9F5}
		{53EA050A-5745-4E1E-928C-3EFB1FE133EA} = {2E0F491D-21B7-4477-A119-04B6D2E0EB3C}
		{E6364035-0155-4BB4-8EF8-0092BDD40E34} = {2E0F491D-21B7-4477-A119-04B6D2E0EB3C}
	EndGlobalSection
EndGlobal
